
Microsoft Visual Studio Solution File, Format Version 12.00
Project("{2150E333-8FDC-42A3-9474-1A3956D46DE8}") = "Tests", "Tests", "{AF5376E2-3B53-46A8-B4DB-1DFCEB12D2A1}"
EndProject
Project("{FAE04EC0-301F-11D3-BF4B-00C04F79EFBC}") = "RobSharper.Ros.IntegROS", "RobSharper.Ros.IntegROS\RobSharper.Ros.IntegROS.csproj", "{A7DF3489-C44A-434F-8BA4-5679479D5EF4}"
EndProject
Project("{2150E333-8FDC-42A3-9474-1A3956D46DE8}") = "Examples", "Examples", "{7DF59F14-A3A2-48B8-AD77-29EAEC95692E}"
EndProject
Project("{FAE04EC0-301F-11D3-BF4B-00C04F79EFBC}") = "Examples.TurtleSimTests", "Examples.TurtleSimTests\Examples.TurtleSimTests.csproj", "{BAF8003E-4E02-44D4-AB72-F14842D015AC}"
EndProject
Project("{FAE04EC0-301F-11D3-BF4B-00C04F79EFBC}") = "IntegROS.Tests", "IntegROS.Tests\IntegROS.Tests.csproj", "{6FE836DB-1E04-40F1-A4F7-6D81643A4117}"
EndProject
Project("{FAE04EC0-301F-11D3-BF4B-00C04F79EFBC}") = "IntegROS.Test.Expectations", "IntegROS.Test.Expectations\IntegROS.Test.Expectations.csproj", "{5E90AD93-5FD8-4CCE-B68F-1AB3487C2F05}"
EndProject
Project("{FAE04EC0-301F-11D3-BF4B-00C04F79EFBC}") = "Examples.FibonacciActionTests", "Examples.FibonacciActionTests\Examples.FibonacciActionTests.csproj", "{52FDF6CF-0567-4825-9DB2-2E23406A8AAA}"
EndProject
Global
	GlobalSection(SolutionConfigurationPlatforms) = preSolution
		Debug|Any CPU = Debug|Any CPU
		Release|Any CPU = Release|Any CPU
	EndGlobalSection
	GlobalSection(ProjectConfigurationPlatforms) = postSolution
		{A7DF3489-C44A-434F-8BA4-5679479D5EF4}.Debug|Any CPU.ActiveCfg = Debug|Any CPU
		{A7DF3489-C44A-434F-8BA4-5679479D5EF4}.Debug|Any CPU.Build.0 = Debug|Any CPU
		{A7DF3489-C44A-434F-8BA4-5679479D5EF4}.Release|Any CPU.ActiveCfg = Release|Any CPU
		{A7DF3489-C44A-434F-8BA4-5679479D5EF4}.Release|Any CPU.Build.0 = Release|Any CPU
		{BAF8003E-4E02-44D4-AB72-F14842D015AC}.Debug|Any CPU.ActiveCfg = Debug|Any CPU
		{BAF8003E-4E02-44D4-AB72-F14842D015AC}.Debug|Any CPU.Build.0 = Debug|Any CPU
		{BAF8003E-4E02-44D4-AB72-F14842D015AC}.Release|Any CPU.ActiveCfg = Release|Any CPU
		{BAF8003E-4E02-44D4-AB72-F14842D015AC}.Release|Any CPU.Build.0 = Release|Any CPU
		{6FE836DB-1E04-40F1-A4F7-6D81643A4117}.Debug|Any CPU.ActiveCfg = Debug|Any CPU
		{6FE836DB-1E04-40F1-A4F7-6D81643A4117}.Debug|Any CPU.Build.0 = Debug|Any CPU
		{6FE836DB-1E04-40F1-A4F7-6D81643A4117}.Release|Any CPU.ActiveCfg = Release|Any CPU
		{6FE836DB-1E04-40F1-A4F7-6D81643A4117}.Release|Any CPU.Build.0 = Release|Any CPU
		{5E90AD93-5FD8-4CCE-B68F-1AB3487C2F05}.Debug|Any CPU.ActiveCfg = Debug|Any CPU
		{5E90AD93-5FD8-4CCE-B68F-1AB3487C2F05}.Debug|Any CPU.Build.0 = Debug|Any CPU
		{5E90AD93-5FD8-4CCE-B68F-1AB3487C2F05}.Release|Any CPU.ActiveCfg = Release|Any CPU
		{5E90AD93-5FD8-4CCE-B68F-1AB3487C2F05}.Release|Any CPU.Build.0 = Release|Any CPU
		{52FDF6CF-0567-4825-9DB2-2E23406A8AAA}.Debug|Any CPU.ActiveCfg = Debug|Any CPU
		{52FDF6CF-0567-4825-9DB2-2E23406A8AAA}.Debug|Any CPU.Build.0 = Debug|Any CPU
		{52FDF6CF-0567-4825-9DB2-2E23406A8AAA}.Release|Any CPU.ActiveCfg = Release|Any CPU
		{52FDF6CF-0567-4825-9DB2-2E23406A8AAA}.Release|Any CPU.Build.0 = Release|Any CPU
	EndGlobalSection
	GlobalSection(NestedProjects) = preSolution
		{BAF8003E-4E02-44D4-AB72-F14842D015AC} = {7DF59F14-A3A2-48B8-AD77-29EAEC95692E}
		{6FE836DB-1E04-40F1-A4F7-6D81643A4117} = {AF5376E2-3B53-46A8-B4DB-1DFCEB12D2A1}
		{5E90AD93-5FD8-4CCE-B68F-1AB3487C2F05} = {AF5376E2-3B53-46A8-B4DB-1DFCEB12D2A1}
		{52FDF6CF-0567-4825-9DB2-2E23406A8AAA} = {7DF59F14-A3A2-48B8-AD77-29EAEC95692E}
	EndGlobalSection
EndGlobal
