
Microsoft Visual Studio Solution File, Format Version 12.00
Project("{FAE04EC0-301F-11D3-BF4B-00C04F79EFBC}") = "RosComponentTestingTests", "RosComponentTestingTests\RosComponentTestingTests.csproj", "{C5D446EB-9E0E-45FD-AC1B-D21970665064}"
EndProject
Project("{FAE04EC0-301F-11D3-BF4B-00C04F79EFBC}") = "TurtleSimTests", "TurtleSimTests\TurtleSimTests.csproj", "{3EE72D72-88A6-48A5-8E49-40E9B9C84856}"
EndProject
Project("{FAE04EC0-301F-11D3-BF4B-00C04F79EFBC}") = "RosComponentTesting", "RosComponentTesting\RosComponentTesting.csproj", "{1C08F7A9-CB23-4607-92B3-CC5EE2026350}"
EndProject
Project("{2150E333-8FDC-42A3-9474-1A3956D46DE8}") = "Tests", "Tests", "{AF5376E2-3B53-46A8-B4DB-1DFCEB12D2A1}"
EndProject
Project("{FAE04EC0-301F-11D3-BF4B-00C04F79EFBC}") = "IntegROS", "IntegROS\IntegROS.csproj", "{A7DF3489-C44A-434F-8BA4-5679479D5EF4}"
EndProject
Project("{2150E333-8FDC-42A3-9474-1A3956D46DE8}") = "Examples", "Examples", "{7DF59F14-A3A2-48B8-AD77-29EAEC95692E}"
EndProject
Project("{FAE04EC0-301F-11D3-BF4B-00C04F79EFBC}") = "Examples.TurtleSimTests", "Examples.TurtleSimTests\Examples.TurtleSimTests.csproj", "{BAF8003E-4E02-44D4-AB72-F14842D015AC}"
EndProject
Global
	GlobalSection(SolutionConfigurationPlatforms) = preSolution
		Debug|Any CPU = Debug|Any CPU
		Release|Any CPU = Release|Any CPU
	EndGlobalSection
	GlobalSection(ProjectConfigurationPlatforms) = postSolution
		{C5D446EB-9E0E-45FD-AC1B-D21970665064}.Debug|Any CPU.ActiveCfg = Debug|Any CPU
		{C5D446EB-9E0E-45FD-AC1B-D21970665064}.Debug|Any CPU.Build.0 = Debug|Any CPU
		{C5D446EB-9E0E-45FD-AC1B-D21970665064}.Release|Any CPU.ActiveCfg = Release|Any CPU
		{C5D446EB-9E0E-45FD-AC1B-D21970665064}.Release|Any CPU.Build.0 = Release|Any CPU
		{3EE72D72-88A6-48A5-8E49-40E9B9C84856}.Debug|Any CPU.ActiveCfg = Debug|Any CPU
		{3EE72D72-88A6-48A5-8E49-40E9B9C84856}.Debug|Any CPU.Build.0 = Debug|Any CPU
		{3EE72D72-88A6-48A5-8E49-40E9B9C84856}.Release|Any CPU.ActiveCfg = Release|Any CPU
		{3EE72D72-88A6-48A5-8E49-40E9B9C84856}.Release|Any CPU.Build.0 = Release|Any CPU
		{1C08F7A9-CB23-4607-92B3-CC5EE2026350}.Debug|Any CPU.ActiveCfg = Debug|Any CPU
		{1C08F7A9-CB23-4607-92B3-CC5EE2026350}.Debug|Any CPU.Build.0 = Debug|Any CPU
		{1C08F7A9-CB23-4607-92B3-CC5EE2026350}.Release|Any CPU.ActiveCfg = Release|Any CPU
		{1C08F7A9-CB23-4607-92B3-CC5EE2026350}.Release|Any CPU.Build.0 = Release|Any CPU
		{A7DF3489-C44A-434F-8BA4-5679479D5EF4}.Debug|Any CPU.ActiveCfg = Debug|Any CPU
		{A7DF3489-C44A-434F-8BA4-5679479D5EF4}.Debug|Any CPU.Build.0 = Debug|Any CPU
		{A7DF3489-C44A-434F-8BA4-5679479D5EF4}.Release|Any CPU.ActiveCfg = Release|Any CPU
		{A7DF3489-C44A-434F-8BA4-5679479D5EF4}.Release|Any CPU.Build.0 = Release|Any CPU
		{BAF8003E-4E02-44D4-AB72-F14842D015AC}.Debug|Any CPU.ActiveCfg = Debug|Any CPU
		{BAF8003E-4E02-44D4-AB72-F14842D015AC}.Debug|Any CPU.Build.0 = Debug|Any CPU
		{BAF8003E-4E02-44D4-AB72-F14842D015AC}.Release|Any CPU.ActiveCfg = Release|Any CPU
		{BAF8003E-4E02-44D4-AB72-F14842D015AC}.Release|Any CPU.Build.0 = Release|Any CPU
	EndGlobalSection
	GlobalSection(NestedProjects) = preSolution
		{C5D446EB-9E0E-45FD-AC1B-D21970665064} = {AF5376E2-3B53-46A8-B4DB-1DFCEB12D2A1}
		{3EE72D72-88A6-48A5-8E49-40E9B9C84856} = {AF5376E2-3B53-46A8-B4DB-1DFCEB12D2A1}
		{BAF8003E-4E02-44D4-AB72-F14842D015AC} = {7DF59F14-A3A2-48B8-AD77-29EAEC95692E}
	EndGlobalSection
EndGlobal
